github.com/kpechenenko/rword v0.0.4 h1:kwPwwx+gkGemHigIk1conGDijHWJs+lErl9g3KJQVMg=
github.com/kpechenenko/rword v0.0.4/go.mod h1:xOh1FRoUbuuaUR25Bljbza63hhpqu8lvqAJ3NVdlm6M=
github.com/mattn/go-sqlite3 v1.14.33 h1:A5blZ5ulQo2AtayQ9/limgHEkFreKj1Dv226a1K73s0=
github.com/mattn/go-sqlite3 v1.14.33/go.mod h1:Uh1q+B4BYcTPb+yiD3kU8Ct7aC0hY9fxUwlHK0RXw+Y=
